
Microsoft Visual Studio Solution File, Format Version 12.00
# Visual Studio Version 17
VisualStudioVersion = 17.0.31903.59
MinimumVisualStudioVersion = 10.0.40219.1
Project("{FAE04EC0-301F-11D3-BF4B-00C04F79EFBC}") = "Fastasys.Api", "Fastasys.Api\Fastasys.Api.csproj", "{57C25456-46DB-4E26-8D37-8212E8E9850C}"
EndProject
Project("{FAE04EC0-301F-11D3-BF4B-00C04F79EFBC}") = "Fastasys.Api.Tests", "Fastasys.Api.Tests\Fastasys.Api.Tests.csproj", "{ACC25EC1-E9DD-4026-B279-252C8934D0DF}"
EndProject
Global
	GlobalSection(SolutionConfigurationPlatforms) = preSolution
		Debug|Any CPU = Debug|Any CPU
		Debug|x64 = Debug|x64
		Debug|x86 = Debug|x86
		Release|Any CPU = Release|Any CPU
		Release|x64 = Release|x64
		Release|x86 = Release|x86
	EndGlobalSection
	GlobalSection(ProjectConfigurationPlatforms) = postSolution
		{57C25456-46DB-4E26-8D37-8212E8E9850C}.Debug|Any CPU.ActiveCfg = Debug|Any CPU
		{57C25456-46DB-4E26-8D37-8212E8E9850C}.Debug|Any CPU.Build.0 = Debug|Any CPU
		{57C25456-46DB-4E26-8D37-8212E8E9850C}.Debug|x64.ActiveCfg = Debug|Any CPU
		{57C25456-46DB-4E26-8D37-8212E8E9850C}.Debug|x64.Build.0 = Debug|Any CPU
		{57C25456-46DB-4E26-8D37-8212E8E9850C}.Debug|x86.ActiveCfg = Debug|Any CPU
		{57C25456-46DB-4E26-8D37-8212E8E9850C}.Debug|x86.Build.0 = Debug|Any CPU
		{57C25456-46DB-4E26-8D37-8212E8E9850C}.Release|Any CPU.ActiveCfg = Release|Any CPU
		{57C25456-46DB-4E26-8D37-8212E8E9850C}.Release|Any CPU.Build.0 = Release|Any CPU
		{57C25456-46DB-4E26-8D37-8212E8E9850C}.Release|x64.ActiveCfg = Release|Any CPU
		{57C25456-46DB-4E26-8D37-8212E8E9850C}.Release|x64.Build.0 = Release|Any CPU
		{57C25456-46DB-4E26-8D37-8212E8E9850C}.Release|x86.ActiveCfg = Release|Any CPU
		{57C25456-46DB-4E26-8D37-8212E8E9850C}.Release|x86.Build.0 = Release|Any CPU
		{ACC25EC1-E9DD-4026-B279-252C8934D0DF}.Debug|Any CPU.ActiveCfg = Debug|Any CPU
		{ACC25EC1-E9DD-4026-B279-252C8934D0DF}.Debug|Any CPU.Build.0 = Debug|Any CPU
		{ACC25EC1-E9DD-4026-B279-252C8934D0DF}.Debug|x64.ActiveCfg = Debug|Any CPU
		{ACC25EC1-E9DD-4026-B279-252C8934D0DF}.Debug|x64.Build.0 = Debug|Any CPU
		{ACC25EC1-E9DD-4026-B279-252C8934D0DF}.Debug|x86.ActiveCfg = Debug|Any CPU
		{ACC25EC1-E9DD-4026-B279-252C8934D0DF}.Debug|x86.Build.0 = Debug|Any CPU
		{ACC25EC1-E9DD-4026-B279-252C8934D0DF}.Release|Any CPU.ActiveCfg = Release|Any CPU
		{ACC25EC1-E9DD-4026-B279-252C8934D0DF}.Release|Any CPU.Build.0 = Release|Any CPU
		{ACC25EC1-E9DD-4026-B279-252C8934D0DF}.Release|x64.ActiveCfg = Release|Any CPU
		{ACC25EC1-E9DD-4026-B279-252C8934D0DF}.Release|x64.Build.0 = Release|Any CPU
		{ACC25EC1-E9DD-4026-B279-252C8934D0DF}.Release|x86.ActiveCfg = Release|Any CPU
		{ACC25EC1-E9DD-4026-B279-252C8934D0DF}.Release|x86.Build.0 = Release|Any CPU
	EndGlobalSection
	GlobalSection(SolutionProperties) = preSolution
		HideSolutionNode = FALSE
	EndGlobalSection
EndGlobal
